
Microsoft Visual Studio Solution File, Format Version 12.00
# Visual Studio Version 17
VisualStudioVersion = 17.4.33122.133
MinimumVisualStudioVersion = 10.0.40219.1
Project("{FAE04EC0-301F-11D3-BF4B-00C04F79EFBC}") = "Pre_Entrega_proyecto_final", "Pre_Entrega_proyecto_final.csproj", "{818E17D9-AC23-47DB-AE49-D9F62427E7CA}"
EndProject
Global
	GlobalSection(SolutionConfigurationPlatforms) = preSolution
		Debug|Any CPU = Debug|Any CPU
		Release|Any CPU = Release|Any CPU
	EndGlobalSection
	GlobalSection(ProjectConfigurationPlatforms) = postSolution
		{818E17D9-AC23-47DB-AE49-D9F62427E7CA}.Debug|Any CPU.ActiveCfg = Debug|Any CPU
		{818E17D9-AC23-47DB-AE49-D9F62427E7CA}.Debug|Any CPU.Build.0 = Debug|Any CPU
		{818E17D9-AC23-47DB-AE49-D9F62427E7CA}.Release|Any CPU.ActiveCfg = Release|Any CPU
		{818E17D9-AC23-47DB-AE49-D9F62427E7CA}.Release|Any CPU.Build.0 = Release|Any CPU
	EndGlobalSection
	GlobalSection(SolutionProperties) = preSolution
		HideSolutionNode = FALSE
	EndGlobalSection
	GlobalSection(ExtensibilityGlobals) = postSolution
		SolutionGuid = {F1731A3B-51F1-4139-9586-FAA77C3367FD}
	EndGlobalSection
EndGlobal
